
Microsoft Visual Studio Solution File, Format Version 12.00
# Visual Studio 2013
VisualStudioVersion = 12.0.21005.1
MinimumVisualStudioVersion = 10.0.40219.1
Project("{FAE04EC0-301F-11D3-BF4B-00C04F79EFBC}") = "01.3D", "01.3D\01.3D.csproj", "{93B89688-F5B3-468D-B1AA-0EFD4C504528}"
EndProject
Project("{FAE04EC0-301F-11D3-BF4B-00C04F79EFBC}") = "05.Generics", "02.Generics\05.Generics.csproj", "{EA39DF10-ED49-49C4-B8A7-47A32966B1DC}"
EndProject
Global
	GlobalSection(SolutionConfigurationPlatforms) = preSolution
		Debug|Any CPU = Debug|Any CPU
		Release|Any CPU = Release|Any CPU
	EndGlobalSection
	GlobalSection(ProjectConfigurationPlatforms) = postSolution
		{93B89688-F5B3-468D-B1AA-0EFD4C504528}.Debug|Any CPU.ActiveCfg = Debug|Any CPU
		{93B89688-F5B3-468D-B1AA-0EFD4C504528}.Debug|Any CPU.Build.0 = Debug|Any CPU
		{93B89688-F5B3-468D-B1AA-0EFD4C504528}.Release|Any CPU.ActiveCfg = Release|Any CPU
		{93B89688-F5B3-468D-B1AA-0EFD4C504528}.Release|Any CPU.Build.0 = Release|Any CPU
		{EA39DF10-ED49-49C4-B8A7-47A32966B1DC}.Debug|Any CPU.ActiveCfg = Debug|Any CPU
		{EA39DF10-ED49-49C4-B8A7-47A32966B1DC}.Debug|Any CPU.Build.0 = Debug|Any CPU
		{EA39DF10-ED49-49C4-B8A7-47A32966B1DC}.Release|Any CPU.ActiveCfg = Release|Any CPU
		{EA39DF10-ED49-49C4-B8A7-47A32966B1DC}.Release|Any CPU.Build.0 = Release|Any CPU
	EndGlobalSection
	GlobalSection(SolutionProperties) = preSolution
		HideSolutionNode = FALSE
	EndGlobalSection
EndGlobal
