
Microsoft Visual Studio Solution File, Format Version 12.00
# Visual Studio 2013
VisualStudioVersion = 12.0.21005.1
MinimumVisualStudioVersion = 10.0.40219.1
Project("{FAE04EC0-301F-11D3-BF4B-00C04F79EFBC}") = "01.SquareRoot", "01.pro\01.SquareRoot.csproj", "{C7BE1B8B-9A89-4034-AB19-FBA39DC69335}"
EndProject
Project("{FAE04EC0-301F-11D3-BF4B-00C04F79EFBC}") = "02.NumberStartToFinish", "02.Zadacha\02.NumberStartToFinish.csproj", "{F206A414-9625-4E70-BACF-BD2E85E096D7}"
EndProject
Project("{FAE04EC0-301F-11D3-BF4B-00C04F79EFBC}") = "03.ReadFile", "03.Zadacha\03.ReadFile.csproj", "{68B2B4A1-D64C-4695-8DEF-46CD168FFBD5}"
EndProject
Project("{FAE04EC0-301F-11D3-BF4B-00C04F79EFBC}") = "04.SavePicture", "04.Zadacha\04.SavePicture.csproj", "{23523BDD-D22F-4AB0-9698-D263969B4ABD}"
EndProject
Global
	GlobalSection(SolutionConfigurationPlatforms) = preSolution
		Debug|Any CPU = Debug|Any CPU
		Release|Any CPU = Release|Any CPU
	EndGlobalSection
	GlobalSection(ProjectConfigurationPlatforms) = postSolution
		{C7BE1B8B-9A89-4034-AB19-FBA39DC69335}.Debug|Any CPU.ActiveCfg = Debug|Any CPU
		{C7BE1B8B-9A89-4034-AB19-FBA39DC69335}.Debug|Any CPU.Build.0 = Debug|Any CPU
		{C7BE1B8B-9A89-4034-AB19-FBA39DC69335}.Release|Any CPU.ActiveCfg = Release|Any CPU
		{C7BE1B8B-9A89-4034-AB19-FBA39DC69335}.Release|Any CPU.Build.0 = Release|Any CPU
		{F206A414-9625-4E70-BACF-BD2E85E096D7}.Debug|Any CPU.ActiveCfg = Debug|Any CPU
		{F206A414-9625-4E70-BACF-BD2E85E096D7}.Debug|Any CPU.Build.0 = Debug|Any CPU
		{F206A414-9625-4E70-BACF-BD2E85E096D7}.Release|Any CPU.ActiveCfg = Release|Any CPU
		{F206A414-9625-4E70-BACF-BD2E85E096D7}.Release|Any CPU.Build.0 = Release|Any CPU
		{68B2B4A1-D64C-4695-8DEF-46CD168FFBD5}.Debug|Any CPU.ActiveCfg = Debug|Any CPU
		{68B2B4A1-D64C-4695-8DEF-46CD168FFBD5}.Debug|Any CPU.Build.0 = Debug|Any CPU
		{68B2B4A1-D64C-4695-8DEF-46CD168FFBD5}.Release|Any CPU.ActiveCfg = Release|Any CPU
		{68B2B4A1-D64C-4695-8DEF-46CD168FFBD5}.Release|Any CPU.Build.0 = Release|Any CPU
		{23523BDD-D22F-4AB0-9698-D263969B4ABD}.Debug|Any CPU.ActiveCfg = Debug|Any CPU
		{23523BDD-D22F-4AB0-9698-D263969B4ABD}.Debug|Any CPU.Build.0 = Debug|Any CPU
		{23523BDD-D22F-4AB0-9698-D263969B4ABD}.Release|Any CPU.ActiveCfg = Release|Any CPU
		{23523BDD-D22F-4AB0-9698-D263969B4ABD}.Release|Any CPU.Build.0 = Release|Any CPU
	EndGlobalSection
	GlobalSection(SolutionProperties) = preSolution
		HideSolutionNode = FALSE
	EndGlobalSection
EndGlobal
